
Microsoft Visual Studio Solution File, Format Version 12.00
# Visual Studio Version 17
VisualStudioVersion = 17.2.32516.85
MinimumVisualStudioVersion = 10.0.40219.1
Project("{FAE04EC0-301F-11D3-BF4B-00C04F79EFBC}") = "Tareas", "Tareas\Tareas.csproj", "{CC770996-9573-493F-9B8A-249D60DFF287}"
EndProject
Global
	GlobalSection(SolutionConfigurationPlatforms) = preSolution
		Debug|Any CPU = Debug|Any CPU
		Release|Any CPU = Release|Any CPU
	EndGlobalSection
	GlobalSection(ProjectConfigurationPlatforms) = postSolution
		{CC770996-9573-493F-9B8A-249D60DFF287}.Debug|Any CPU.ActiveCfg = Debug|Any CPU
		{CC770996-9573-493F-9B8A-249D60DFF287}.Debug|Any CPU.Build.0 = Debug|Any CPU
		{CC770996-9573-493F-9B8A-249D60DFF287}.Release|Any CPU.ActiveCfg = Release|Any CPU
		{CC770996-9573-493F-9B8A-249D60DFF287}.Release|Any CPU.Build.0 = Release|Any CPU
	EndGlobalSection
	GlobalSection(SolutionProperties) = preSolution
		HideSolutionNode = FALSE
	EndGlobalSection
	GlobalSection(ExtensibilityGlobals) = postSolution
		SolutionGuid = {19300A2F-191D-4950-AE66-84954518A690}
	EndGlobalSection
EndGlobal
